
Microsoft Visual Studio Solution File, Format Version 12.00
# Visual Studio Version 17
VisualStudioVersion = 17.0.32014.148
MinimumVisualStudioVersion = 10.0.40219.1
Project("{FAE04EC0-301F-11D3-BF4B-00C04F79EFBC}") = "LiteView", "LiteViewGL\LiteView.csproj", "{08E559FC-FC3F-470F-BB67-BAC96A6EB904}"
EndProject
Project("{FAE04EC0-301F-11D3-BF4B-00C04F79EFBC}") = "LiteViewTest", "LiteViewTest\LiteViewTest.csproj", "{2747FF60-4E03-4DD7-B277-C392B387A4E3}"
EndProject
Global
	GlobalSection(SolutionConfigurationPlatforms) = preSolution
		Debug|Any CPU = Debug|Any CPU
		Debug|x64 = Debug|x64
		Release|Any CPU = Release|Any CPU
		Release|x64 = Release|x64
	EndGlobalSection
	GlobalSection(ProjectConfigurationPlatforms) = postSolution
		{08E559FC-FC3F-470F-BB67-BAC96A6EB904}.Debug|Any CPU.ActiveCfg = Debug|Any CPU
		{08E559FC-FC3F-470F-BB67-BAC96A6EB904}.Debug|Any CPU.Build.0 = Debug|Any CPU
		{08E559FC-FC3F-470F-BB67-BAC96A6EB904}.Debug|x64.ActiveCfg = Debug|x64
		{08E559FC-FC3F-470F-BB67-BAC96A6EB904}.Debug|x64.Build.0 = Debug|x64
		{08E559FC-FC3F-470F-BB67-BAC96A6EB904}.Release|Any CPU.ActiveCfg = Release|Any CPU
		{08E559FC-FC3F-470F-BB67-BAC96A6EB904}.Release|Any CPU.Build.0 = Release|Any CPU
		{08E559FC-FC3F-470F-BB67-BAC96A6EB904}.Release|x64.ActiveCfg = Release|x64
		{08E559FC-FC3F-470F-BB67-BAC96A6EB904}.Release|x64.Build.0 = Release|x64
		{2747FF60-4E03-4DD7-B277-C392B387A4E3}.Debug|Any CPU.ActiveCfg = Debug|Any CPU
		{2747FF60-4E03-4DD7-B277-C392B387A4E3}.Debug|Any CPU.Build.0 = Debug|Any CPU
		{2747FF60-4E03-4DD7-B277-C392B387A4E3}.Debug|x64.ActiveCfg = Debug|Any CPU
		{2747FF60-4E03-4DD7-B277-C392B387A4E3}.Debug|x64.Build.0 = Debug|Any CPU
		{2747FF60-4E03-4DD7-B277-C392B387A4E3}.Release|Any CPU.ActiveCfg = Release|Any CPU
		{2747FF60-4E03-4DD7-B277-C392B387A4E3}.Release|Any CPU.Build.0 = Release|Any CPU
		{2747FF60-4E03-4DD7-B277-C392B387A4E3}.Release|x64.ActiveCfg = Release|Any CPU
		{2747FF60-4E03-4DD7-B277-C392B387A4E3}.Release|x64.Build.0 = Release|Any CPU
	EndGlobalSection
	GlobalSection(SolutionProperties) = preSolution
		HideSolutionNode = FALSE
	EndGlobalSection
	GlobalSection(ExtensibilityGlobals) = postSolution
		SolutionGuid = {F7F9D177-A616-4B80-BF52-479D13DAC8FA}
	EndGlobalSection
EndGlobal
